// !$*UTF8*$!
{
	archiveVersion = 1;
	classes = {
	};
	objectVersion = 46;
	objects = {

/* Begin PBXBuildFile section */
		92B38BAB1B67EFF800121E40 /* MatchViewController.swift in Sources */ = {isa = PBXBuildFile; fileRef = 92B38BAA1B67EFF800121E40 /* MatchViewController.swift */; };
		92B38BB51B680F1000121E40 /* Rock_Paper_ScissorsTests.swift in Sources */ = {isa = PBXBuildFile; fileRef = 92B38BB41B680F1000121E40 /* Rock_Paper_ScissorsTests.swift */; };
		92B38BBC1B680FDE00121E40 /* GameRules.swift in Sources */ = {isa = PBXBuildFile; fileRef = 92B38BAC1B67F9BC00121E40 /* GameRules.swift */; };
		92B38BBD1B680FE100121E40 /* GameRules.swift in Sources */ = {isa = PBXBuildFile; fileRef = 92B38BAC1B67F9BC00121E40 /* GameRules.swift */; };
		92DE48CF1B67D5B500AC6354 /* AppDelegate.swift in Sources */ = {isa = PBXBuildFile; fileRef = 92DE48CE1B67D5B500AC6354 /* AppDelegate.swift */; };
		92DE48D11B67D5B500AC6354 /* InitialChooseViewController.swift in Sources */ = {isa = PBXBuildFile; fileRef = 92DE48D01B67D5B500AC6354 /* InitialChooseViewController.swift */; };
		92DE48D41B67D5B500AC6354 /* Main.storyboard in Resources */ = {isa = PBXBuildFile; fileRef = 92DE48D21B67D5B500AC6354 /* Main.storyboard */; };
		92DE48D61B67D5B500AC6354 /* Assets.xcassets in Resources */ = {isa = PBXBuildFile; fileRef = 92DE48D51B67D5B500AC6354 /* Assets.xcassets */; };
		92DE48D91B67D5B500AC6354 /* LaunchScreen.storyboard in Resources */ = {isa = PBXBuildFile; fileRef = 92DE48D71B67D5B500AC6354 /* LaunchScreen.storyboard */; };
		92E0A68E1B6E86530046445D /* MatchHistoryViewController.swift in Sources */ = {isa = PBXBuildFile; fileRef = 92E0A68D1B6E86530046445D /* MatchHistoryViewController.swift */; };
/* End PBXBuildFile section */

/* Begin PBXContainerItemProxy section */
		92B38BB71B680F1000121E40 /* PBXContainerItemProxy */ = {
			isa = PBXContainerItemProxy;
			containerPortal = 92DE48C31B67D5B500AC6354 /* Project object */;
			proxyType = 1;
			remoteGlobalIDString = 92DE48CA1B67D5B500AC6354;
			remoteInfo = "Rock Paper Scissors";
		};
/* End PBXContainerItemProxy section */

/* Begin PBXFileReference section */
		92B38BAA1B67EFF800121E40 /* MatchViewController.swift */ = {isa = PBXFileReference; fileEncoding = 4; lastKnownFileType = sourcecode.swift; path = MatchViewController.swift; sourceTree = "<group>"; };
		92B38BAC1B67F9BC00121E40 /* GameRules.swift */ = {isa = PBXFileReference; fileEncoding = 4; lastKnownFileType = sourcecode.swift; path = GameRules.swift; sourceTree = "<group>"; };
		92B38BB21B680F1000121E40 /* Rock Paper ScissorsTests.xctest */ = {isa = PBXFileReference; explicitFileType = wrapper.cfbundle; includeInIndex = 0; path = "Rock Paper ScissorsTests.xctest"; sourceTree = BUILT_PRODUCTS_DIR; };
		92B38BB41B680F1000121E40 /* Rock_Paper_ScissorsTests.swift */ = {isa = PBXFileReference; lastKnownFileType = sourcecode.swift; path = Rock_Paper_ScissorsTests.swift; sourceTree = "<group>"; };
		92B38BB61B680F1000121E40 /* Info.plist */ = {isa = PBXFileReference; lastKnownFileType = text.plist.xml; path = Info.plist; sourceTree = "<group>"; };
		92DE48CB1B67D5B500AC6354 /* Rock Paper Scissors.app */ = {isa = PBXFileReference; explicitFileType = wrapper.application; includeInIndex = 0; path = "Rock Paper Scissors.app"; sourceTree = BUILT_PRODUCTS_DIR; };
		92DE48CE1B67D5B500AC6354 /* AppDelegate.swift */ = {isa = PBXFileReference; lastKnownFileType = sourcecode.swift; path = AppDelegate.swift; sourceTree = "<group>"; };
		92DE48D01B67D5B500AC6354 /* InitialChooseViewController.swift */ = {isa = PBXFileReference; lastKnownFileType = sourcecode.swift; path = InitialChooseViewController.swift; sourceTree = "<group>"; };
		92DE48D31B67D5B500AC6354 /* Base */ = {isa = PBXFileReference; lastKnownFileType = file.storyboard; name = Base; path = Base.lproj/Main.storyboard; sourceTree = "<group>"; };
		92DE48D51B67D5B500AC6354 /* Assets.xcassets */ = {isa = PBXFileReference; lastKnownFileType = folder.assetcatalog; path = Assets.xcassets; sourceTree = "<group>"; };
		92DE48D81B67D5B500AC6354 /* Base */ = {isa = PBXFileReference; lastKnownFileType = file.storyboard; name = Base; path = Base.lproj/LaunchScreen.storyboard; sourceTree = "<group>"; };
		92DE48DA1B67D5B500AC6354 /* Info.plist */ = {isa = PBXFileReference; lastKnownFileType = text.plist.xml; path = Info.plist; sourceTree = "<group>"; };
		92E0A68D1B6E86530046445D /* MatchHistoryViewController.swift */ = {isa = PBXFileReference; fileEncoding = 4; lastKnownFileType = sourcecode.swift; path = MatchHistoryViewController.swift; sourceTree = "<group>"; };
/* End PBXFileReference section */

/* Begin PBXFrameworksBuildPhase section */
		92B38BAF1B680F1000121E40 /* Frameworks */ = {
			isa = PBXFrameworksBuildPhase;
			buildActionMask = 2147483647;
			files = (
			);
			runOnlyForDeploymentPostprocessing = 0;
		};
		92DE48C81B67D5B500AC6354 /* Frameworks */ = {
			isa = PBXFrameworksBuildPhase;
			buildActionMask = 2147483647;
			files = (
			);
			runOnlyForDeploymentPostprocessing = 0;
		};
/* End PBXFrameworksBuildPhase section */

/* Begin PBXGroup section */
		92B38BB31B680F1000121E40 /* Rock Paper ScissorsTests */ = {
			isa = PBXGroup;
			children = (
				92B38BB41B680F1000121E40 /* Rock_Paper_ScissorsTests.swift */,
				92B38BB61B680F1000121E40 /* Info.plist */,
			);
			path = "Rock Paper ScissorsTests";
			sourceTree = "<group>";
		};
		92DE48C21B67D5B500AC6354 = {
			isa = PBXGroup;
			children = (
				92DE48CD1B67D5B500AC6354 /* Rock Paper Scissors */,
				92B38BB31B680F1000121E40 /* Rock Paper ScissorsTests */,
				92DE48CC1B67D5B500AC6354 /* Products */,
			);
			sourceTree = "<group>";
		};
		92DE48CC1B67D5B500AC6354 /* Products */ = {
			isa = PBXGroup;
			children = (
				92DE48CB1B67D5B500AC6354 /* Rock Paper Scissors.app */,
				92B38BB21B680F1000121E40 /* Rock Paper ScissorsTests.xctest */,
			);
			name = Products;
			sourceTree = "<group>";
		};
		92DE48CD1B67D5B500AC6354 /* Rock Paper Scissors */ = {
			isa = PBXGroup;
			children = (
				92DE48CE1B67D5B500AC6354 /* AppDelegate.swift */,
				92DE48D01B67D5B500AC6354 /* InitialChooseViewController.swift */,
				92DE48D21B67D5B500AC6354 /* Main.storyboard */,
				92DE48D51B67D5B500AC6354 /* Assets.xcassets */,
				92DE48D71B67D5B500AC6354 /* LaunchScreen.storyboard */,
				92DE48DA1B67D5B500AC6354 /* Info.plist */,
				92B38BAA1B67EFF800121E40 /* MatchViewController.swift */,
				92B38BAC1B67F9BC00121E40 /* GameRules.swift */,
				92E0A68D1B6E86530046445D /* MatchHistoryViewController.swift */,
			);
			path = "Rock Paper Scissors";
			sourceTree = "<group>";
		};
/* End PBXGroup section */

/* Begin PBXNativeTarget section */
		92B38BB11B680F1000121E40 /* Rock Paper ScissorsTests */ = {
			isa = PBXNativeTarget;
			buildConfigurationList = 92B38BB91B680F1000121E40 /* Build configuration list for PBXNativeTarget "Rock Paper ScissorsTests" */;
			buildPhases = (
				92B38BAE1B680F1000121E40 /* Sources */,
				92B38BAF1B680F1000121E40 /* Frameworks */,
				92B38BB01B680F1000121E40 /* Resources */,
			);
			buildRules = (
			);
			dependencies = (
				92B38BB81B680F1000121E40 /* PBXTargetDependency */,
			);
			name = "Rock Paper ScissorsTests";
			productName = "Rock Paper ScissorsTests";
			productReference = 92B38BB21B680F1000121E40 /* Rock Paper ScissorsTests.xctest */;
			productType = "com.apple.product-type.bundle.unit-test";
		};
		92DE48CA1B67D5B500AC6354 /* Rock Paper Scissors */ = {
			isa = PBXNativeTarget;
			buildConfigurationList = 92DE48DD1B67D5B500AC6354 /* Build configuration list for PBXNativeTarget "Rock Paper Scissors" */;
			buildPhases = (
				92DE48C71B67D5B500AC6354 /* Sources */,
				92DE48C81B67D5B500AC6354 /* Frameworks */,
				92DE48C91B67D5B500AC6354 /* Resources */,
			);
			buildRules = (
			);
			dependencies = (
			);
			name = "Rock Paper Scissors";
			productName = "Rock Paper Scissors";
			productReference = 92DE48CB1B67D5B500AC6354 /* Rock Paper Scissors.app */;
			productType = "com.apple.product-type.application";
		};
/* End PBXNativeTarget section */

/* Begin PBXProject section */
		92DE48C31B67D5B500AC6354 /* Project object */ = {
			isa = PBXProject;
			attributes = {
				LastUpgradeCheck = 0700;
				ORGANIZATIONNAME = "Gianluca Bargelli";
				TargetAttributes = {
					92B38BB11B680F1000121E40 = {
						CreatedOnToolsVersion = 7.0;
						TestTargetID = 92DE48CA1B67D5B500AC6354;
					};
					92DE48CA1B67D5B500AC6354 = {
						CreatedOnToolsVersion = 7.0;
						DevelopmentTeam = F89MAVK6P6;
					};
				};
			};
			buildConfigurationList = 92DE48C61B67D5B500AC6354 /* Build configuration list for PBXProject "Rock Paper Scissors" */;
			compatibilityVersion = "Xcode 3.2";
			developmentRegion = English;
			hasScannedForEncodings = 0;
			knownRegions = (
				en,
				Base,
			);
			mainGroup = 92DE48C21B67D5B500AC6354;
			productRefGroup = 92DE48CC1B67D5B500AC6354 /* Products */;
			projectDirPath = "";
			projectRoot = "";
			targets = (
				92DE48CA1B67D5B500AC6354 /* Rock Paper Scissors */,
				92B38BB11B680F1000121E40 /* Rock Paper ScissorsTests */,
			);
		};
/* End PBXProject section */

/* Begin PBXResourcesBuildPhase section */
		92B38BB01B680F1000121E40 /* Resources */ = {
			isa = PBXResourcesBuildPhase;
			buildActionMask = 2147483647;
			files = (
			);
			runOnlyForDeploymentPostprocessing = 0;
		};
		92DE48C91B67D5B500AC6354 /* Resources */ = {
			isa = PBXResourcesBuildPhase;
			buildActionMask = 2147483647;
			files = (
				92DE48D91B67D5B500AC6354 /* LaunchScreen.storyboard in Resources */,
				92DE48D61B67D5B500AC6354 /* Assets.xcassets in Resources */,
				92DE48D41B67D5B500AC6354 /* Main.storyboard in Resources */,
			);
			runOnlyForDeploymentPostprocessing = 0;
		};
/* End PBXResourcesBuildPhase section */

/* Begin PBXSourcesBuildPhase section */
		92B38BAE1B680F1000121E40 /* Sources */ = {
			isa = PBXSourcesBuildPhase;
			buildActionMask = 2147483647;
			files = (
				92B38BB51B680F1000121E40 /* Rock_Paper_ScissorsTests.swift in Sources */,
				92B38BBD1B680FE100121E40 /* GameRules.swift in Sources */,
			);
			runOnlyForDeploymentPostprocessing = 0;
		};
		92DE48C71B67D5B500AC6354 /* Sources */ = {
			isa = PBXSourcesBuildPhase;
			buildActionMask = 2147483647;
			files = (
				92B38BAB1B67EFF800121E40 /* MatchViewController.swift in Sources */,
				92DE48D11B67D5B500AC6354 /* InitialChooseViewController.swift in Sources */,
				92E0A68E1B6E86530046445D /* MatchHistoryViewController.swift in Sources */,
				92DE48CF1B67D5B500AC6354 /* AppDelegate.swift in Sources */,
				92B38BBC1B680FDE00121E40 /* GameRules.swift in Sources */,
			);
			runOnlyForDeploymentPostprocessing = 0;
		};
/* End PBXSourcesBuildPhase section */

/* Begin PBXTargetDependency section */
		92B38BB81B680F1000121E40 /* PBXTargetDependency */ = {
			isa = PBXTargetDependency;
			target = 92DE48CA1B67D5B500AC6354 /* Rock Paper Scissors */;
			targetProxy = 92B38BB71B680F1000121E40 /* PBXContainerItemProxy */;
		};
/* End PBXTargetDependency section */

/* Begin PBXVariantGroup section */
		92DE48D21B67D5B500AC6354 /* Main.storyboard */ = {
			isa = PBXVariantGroup;
			children = (
				92DE48D31B67D5B500AC6354 /* Base */,
			);
			name = Main.storyboard;
			sourceTree = "<group>";
		};
		92DE48D71B67D5B500AC6354 /* LaunchScreen.storyboard */ = {
			isa = PBXVariantGroup;
			children = (
				92DE48D81B67D5B500AC6354 /* Base */,
			);
			name = LaunchScreen.storyboard;
			sourceTree = "<group>";
		};
/* End PBXVariantGroup section */

/* Begin XCBuildConfiguration section */
		92B38BBA1B680F1000121E40 /* Debug */ = {
			isa = XCBuildConfiguration;
			buildSettings = {
				BUNDLE_LOADER = "$(TEST_HOST)";
				INFOPLIST_FILE = "Rock Paper ScissorsTests/Info.plist";
				LD_RUNPATH_SEARCH_PATHS = "$(inherited) @executable_path/Frameworks @loader_path/Frameworks";
				PRODUCT_BUNDLE_IDENTIFIER = "com.gianlucabargelli.Rock-Paper-ScissorsTests";
				PRODUCT_NAME = "$(TARGET_NAME)";
				TEST_HOST = "$(BUILT_PRODUCTS_DIR)/Rock Paper Scissors.app/Rock Paper Scissors";
			};
			name = Debug;
		};
		92B38BBB1B680F1000121E40 /* Release */ = {
			isa = XCBuildConfiguration;
			buildSettings = {
				BUNDLE_LOADER = "$(TEST_HOST)";
				INFOPLIST_FILE = "Rock Paper ScissorsTests/Info.plist";
				LD_RUNPATH_SEARCH_PATHS = "$(inherited) @executable_path/Frameworks @loader_path/Frameworks";
				PRODUCT_BUNDLE_IDENTIFIER = "com.gianlucabargelli.Rock-Paper-ScissorsTests";
				PRODUCT_NAME = "$(TARGET_NAME)";
				TEST_HOST = "$(BUILT_PRODUCTS_DIR)/Rock Paper Scissors.app/Rock Paper Scissors";
			};
			name = Release;
		};
		92DE48DB1B67D5B500AC6354 /* Debug */ = {
			isa = XCBuildConfiguration;
			buildSettings = {
				ALWAYS_SEARCH_USER_PATHS = NO;
				CLANG_CXX_LANGUAGE_STANDARD = "gnu++0x";
				CLANG_CXX_LIBRARY = "libc++";
				CLANG_ENABLE_MODULES = YES;
				CLANG_ENABLE_OBJC_ARC = YES;
				CLANG_WARN_BOOL_CONVERSION = YES;
				CLANG_WARN_CONSTANT_CONVERSION = YES;
				CLANG_WARN_DIRECT_OBJC_ISA_USAGE = YES_ERROR;
				CLANG_WARN_EMPTY_BODY = YES;
				CLANG_WARN_ENUM_CONVERSION = YES;
				CLANG_WARN_INT_CONVERSION = YES;
				CLANG_WARN_OBJC_ROOT_CLASS = YES_ERROR;
				CLANG_WARN_UNREACHABLE_CODE = YES;
				CLANG_WARN__DUPLICATE_METHOD_MATCH = YES;
				"CODE_SIGN_IDENTITY[sdk=iphoneos*]" = "iPhone Developer";
				COPY_PHASE_STRIP = NO;
				DEBUG_INFORMATION_FORMAT = dwarf;
				ENABLE_STRICT_OBJC_MSGSEND = YES;
				ENABLE_TESTABILITY = YES;
				GCC_C_LANGUAGE_STANDARD = gnu99;
				GCC_DYNAMIC_NO_PIC = NO;
				GCC_NO_COMMON_BLOCKS = YES;
				GCC_OPTIMIZATION_LEVEL = 0;
				GCC_PREPROCESSOR_DEFINITIONS = (
					"DEBUG=1",
					"$(inherited)",
				);
				GCC_WARN_64_TO_32_BIT_CONVERSION = YES;
				GCC_WARN_ABOUT_RETURN_TYPE = YES_ERROR;
				GCC_WARN_UNDECLARED_SELECTOR = YES;
				GCC_WARN_UNINITIALIZED_AUTOS = YES_AGGRESSIVE;
				GCC_WARN_UNUSED_FUNCTION = YES;
				GCC_WARN_UNUSED_VARIABLE = YES;
				IPHONEOS_DEPLOYMENT_TARGET = 9.0;
				MTL_ENABLE_DEBUG_INFO = YES;
				ONLY_ACTIVE_ARCH = YES;
				SDKROOT = iphoneos;
				SWIFT_OPTIMIZATION_LEVEL = "-Onone";
			};
			name = Debug;
		};
		92DE48DC1B67D5B500AC6354 /* Release */ = {
			isa = XCBuildConfiguration;
			buildSettings = {
				ALWAYS_SEARCH_USER_PATHS = NO;
				CLANG_CXX_LANGUAGE_STANDARD = "gnu++0x";
				CLANG_CXX_LIBRARY = "libc++";
				CLANG_ENABLE_MODULES = YES;
				CLANG_ENABLE_OBJC_ARC = YES;
				CLANG_WARN_BOOL_CONVERSION = YES;
				CLANG_WARN_CONSTANT_CONVERSION = YES;
				CLANG_WARN_DIRECT_OBJC_ISA_USAGE = YES_ERROR;
				CLANG_WARN_EMPTY_BODY = YES;
				CLANG_WARN_ENUM_CONVERSION = YES;
				CLANG_WARN_INT_CONVERSION = YES;
				CLANG_WARN_OBJC_ROOT_CLASS = YES_ERROR;
				CLANG_WARN_UNREACHABLE_CODE = YES;
				CLANG_WARN__DUPLICATE_METHOD_MATCH = YES;
				"CODE_SIGN_IDENTITY[sdk=iphoneos*]" = "iPhone Developer";
				COPY_PHASE_STRIP = NO;
				DEBUG_INFORMATION_FORMAT = "dwarf-with-dsym";
				ENABLE_NS_ASSERTIONS = NO;
				ENABLE_STRICT_OBJC_MSGSEND = YES;
				GCC_C_LANGUAGE_STANDARD = gnu99;
				GCC_NO_COMMON_BLOCKS = YES;
				GCC_WARN_64_TO_32_BIT_CONVERSION = YES;
				GCC_WARN_ABOUT_RETURN_TYPE = YES_ERROR;
				GCC_WARN_UNDECLARED_SELECTOR = YES;
				GCC_WARN_UNINITIALIZED_AUTOS = YES_AGGRESSIVE;
				GCC_WARN_UNUSED_FUNCTION = YES;
				GCC_WARN_UNUSED_VARIABLE = YES;
				IPHONEOS_DEPLOYMENT_TARGET = 9.0;
				MTL_ENABLE_DEBUG_INFO = NO;
				SDKROOT = iphoneos;
				VALIDATE_PRODUCT = YES;
			};
			name = Release;
		};
		92DE48DE1B67D5B500AC6354 /* Debug */ = {
			isa = XCBuildConfiguration;
			buildSettings = {
				ASSETCATALOG_COMPILER_APPICON_NAME = AppIcon;
				CODE_SIGN_IDENTITY = "iPhone Developer";
				"CODE_SIGN_IDENTITY[sdk=iphoneos*]" = "iPhone Developer";
				INFOPLIST_FILE = "Rock Paper Scissors/Info.plist";
				IPHONEOS_DEPLOYMENT_TARGET = 8.4;
				LD_RUNPATH_SEARCH_PATHS = "$(inherited) @executable_path/Frameworks";
				PRODUCT_BUNDLE_IDENTIFIER = "com.gianlucabargelli.Rock-Paper-Scissors";
				PRODUCT_NAME = "$(TARGET_NAME)";
				PROVISIONING_PROFILE = "";
			};
			name = Debug;
		};
		92DE48DF1B67D5B500AC6354 /* Release */ = {
			isa = XCBuildConfiguration;
			buildSettings = {
				ASSETCATALOG_COMPILER_APPICON_NAME = AppIcon;
				CODE_SIGN_IDENTITY = "iPhone Developer";
				"CODE_SIGN_IDENTITY[sdk=iphoneos*]" = "iPhone Developer";
				INFOPLIST_FILE = "Rock Paper Scissors/Info.plist";
				IPHONEOS_DEPLOYMENT_TARGET = 8.4;
				LD_RUNPATH_SEARCH_PATHS = "$(inherited) @executable_path/Frameworks";
				PRODUCT_BUNDLE_IDENTIFIER = "com.gianlucabargelli.Rock-Paper-Scissors";
				PRODUCT_NAME = "$(TARGET_NAME)";
				PROVISIONING_PROFILE = "";
			};
			name = Release;
		};
/* End XCBuildConfiguration section */

/* Begin XCConfigurationList section */
		92B38BB91B680F1000121E40 /* Build configuration list for PBXNativeTarget "Rock Paper ScissorsTests" */ = {
			isa = XCConfigurationList;
			buildConfigurations = (
				92B38BBA1B680F1000121E40 /* Debug */,
				92B38BBB1B680F1000121E40 /* Release */,
			);
			defaultConfigurationIsVisible = 0;
			defaultConfigurationName = Release;
		};
		92DE48C61B67D5B500AC6354 /* Build configuration list for PBXProject "Rock Paper Scissors" */ = {
			isa = XCConfigurationList;
			buildConfigurations = (
				92DE48DB1B67D5B500AC6354 /* Debug */,
				92DE48DC1B67D5B500AC6354 /* Release */,
			);
			defaultConfigurationIsVisible = 0;
			defaultConfigurationName = Release;
		};
		92DE48DD1B67D5B500AC6354 /* Build configuration list for PBXNativeTarget "Rock Paper Scissors" */ = {
			isa = XCConfigurationList;
			buildConfigurations = (
				92DE48DE1B67D5B500AC6354 /* Debug */,
				92DE48DF1B67D5B500AC6354 /* Release */,
			);
			defaultConfigurationIsVisible = 0;
			defaultConfigurationName = Release;
		};
/* End XCConfigurationList section */
	};
	rootObject = 92DE48C31B67D5B500AC6354 /* Project object */;
}
